
Microsoft Visual Studio Solution File, Format Version 12.00
# Visual Studio Version 16
VisualStudioVersion = 16.0.32126.315
MinimumVisualStudioVersion = 10.0.40219.1
Project("{9A19103F-16F7-4668-BE54-9A1E7A4F7556}") = "RomanNum", "RomanNum\RomanNum.csproj", "{086220F4-2989-45B7-9B94-C21D4B66B9F7}"
EndProject
Project("{FAE04EC0-301F-11D3-BF4B-00C04F79EFBC}") = "RomanNumTests", "RomanNumTests\RomanNumTests.csproj", "{E0F93C35-E8A2-4623-9D82-0D38EB009654}"
EndProject
Global
	GlobalSection(SolutionConfigurationPlatforms) = preSolution
		Debug|Any CPU = Debug|Any CPU
		Release|Any CPU = Release|Any CPU
	EndGlobalSection
	GlobalSection(ProjectConfigurationPlatforms) = postSolution
		{086220F4-2989-45B7-9B94-C21D4B66B9F7}.Debug|Any CPU.ActiveCfg = Debug|Any CPU
		{086220F4-2989-45B7-9B94-C21D4B66B9F7}.Debug|Any CPU.Build.0 = Debug|Any CPU
		{086220F4-2989-45B7-9B94-C21D4B66B9F7}.Release|Any CPU.ActiveCfg = Release|Any CPU
		{086220F4-2989-45B7-9B94-C21D4B66B9F7}.Release|Any CPU.Build.0 = Release|Any CPU
		{E0F93C35-E8A2-4623-9D82-0D38EB009654}.Debug|Any CPU.ActiveCfg = Debug|Any CPU
		{E0F93C35-E8A2-4623-9D82-0D38EB009654}.Debug|Any CPU.Build.0 = Debug|Any CPU
		{E0F93C35-E8A2-4623-9D82-0D38EB009654}.Release|Any CPU.ActiveCfg = Release|Any CPU
		{E0F93C35-E8A2-4623-9D82-0D38EB009654}.Release|Any CPU.Build.0 = Release|Any CPU
	EndGlobalSection
	GlobalSection(SolutionProperties) = preSolution
		HideSolutionNode = FALSE
	EndGlobalSection
	GlobalSection(ExtensibilityGlobals) = postSolution
		SolutionGuid = {A0EDEBDD-F497-49CA-8349-1941BBFD427A}
	EndGlobalSection
EndGlobal
